
Microsoft Visual Studio Solution File, Format Version 12.00
# Visual Studio Version 16
VisualStudioVersion = 16.0.30523.141
MinimumVisualStudioVersion = 10.0.40219.1
Project("{FAE04EC0-301F-11D3-BF4B-00C04F79EFBC}") = "Weather", "Weather\Weather.csproj", "{777BB560-7E16-45F7-9FDF-0B94550D9BB7}"
EndProject
Global
	GlobalSection(SolutionConfigurationPlatforms) = preSolution
		Debug|Any CPU = Debug|Any CPU
		Release|Any CPU = Release|Any CPU
	EndGlobalSection
	GlobalSection(ProjectConfigurationPlatforms) = postSolution
		{777BB560-7E16-45F7-9FDF-0B94550D9BB7}.Debug|Any CPU.ActiveCfg = Debug|Any CPU
		{777BB560-7E16-45F7-9FDF-0B94550D9BB7}.Debug|Any CPU.Build.0 = Debug|Any CPU
		{777BB560-7E16-45F7-9FDF-0B94550D9BB7}.Release|Any CPU.ActiveCfg = Release|Any CPU
		{777BB560-7E16-45F7-9FDF-0B94550D9BB7}.Release|Any CPU.Build.0 = Release|Any CPU
	EndGlobalSection
	GlobalSection(SolutionProperties) = preSolution
		HideSolutionNode = FALSE
	EndGlobalSection
	GlobalSection(ExtensibilityGlobals) = postSolution
		SolutionGuid = {639F7AF2-3221-43E3-A523-1B6F7AB5228C}
	EndGlobalSection
EndGlobal
